
Microsoft Visual Studio Solution File, Format Version 12.00
# Visual Studio Version 16
VisualStudioVersion = 16.0.30002.166
MinimumVisualStudioVersion = 10.0.40219.1
Project("{FAE04EC0-301F-11D3-BF4B-00C04F79EFBC}") = "DownloadWebsiteAsPDF", "DownloadWebsiteAsPDF.csproj", "{2AE413DC-BBD9-4FF6-8211-FED19068A823}"
EndProject
Global
	GlobalSection(SolutionConfigurationPlatforms) = preSolution
		Debug|Any CPU = Debug|Any CPU
		Release|Any CPU = Release|Any CPU
	EndGlobalSection
	GlobalSection(ProjectConfigurationPlatforms) = postSolution
		{2AE413DC-BBD9-4FF6-8211-FED19068A823}.Debug|Any CPU.ActiveCfg = Debug|Any CPU
		{2AE413DC-BBD9-4FF6-8211-FED19068A823}.Debug|Any CPU.Build.0 = Debug|Any CPU
		{2AE413DC-BBD9-4FF6-8211-FED19068A823}.Release|Any CPU.ActiveCfg = Release|Any CPU
		{2AE413DC-BBD9-4FF6-8211-FED19068A823}.Release|Any CPU.Build.0 = Release|Any CPU
	EndGlobalSection
	GlobalSection(SolutionProperties) = preSolution
		HideSolutionNode = FALSE
	EndGlobalSection
	GlobalSection(ExtensibilityGlobals) = postSolution
		SolutionGuid = {D8968475-5FD0-41E1-8449-9B35893134B5}
	EndGlobalSection
EndGlobal
